
Microsoft Visual Studio Solution File, Format Version 12.00
# Visual Studio Version 17
VisualStudioVersion = 17.1.32228.430
MinimumVisualStudioVersion = 10.0.40219.1
Project("{9A19103F-16F7-4668-BE54-9A1E7A4F7556}") = "BANKA", "BANKA\BANKA.csproj", "{B9EFA12B-D0B0-48DD-8AAF-7E4FEBB45E5B}"
EndProject
Project("{9A19103F-16F7-4668-BE54-9A1E7A4F7556}") = "BANKATEST", "..\..\..\source\repos\BANKATEST\BANKATEST\BANKATEST.csproj", "{A46385AA-ABAD-47E6-8C16-E16F06F1597B}"
EndProject
Project("{9A19103F-16F7-4668-BE54-9A1E7A4F7556}") = "WEBAPI", "..\..\..\source\repos\WEBAPI\WEBAPI\WEBAPI.csproj", "{23AED79C-8AB5-4043-91B3-6091A796CAEC}"
EndProject
Global
	GlobalSection(SolutionConfigurationPlatforms) = preSolution
		Debug|Any CPU = Debug|Any CPU
		Release|Any CPU = Release|Any CPU
	EndGlobalSection
	GlobalSection(ProjectConfigurationPlatforms) = postSolution
		{B9EFA12B-D0B0-48DD-8AAF-7E4FEBB45E5B}.Debug|Any CPU.ActiveCfg = Debug|Any CPU
		{B9EFA12B-D0B0-48DD-8AAF-7E4FEBB45E5B}.Debug|Any CPU.Build.0 = Debug|Any CPU
		{B9EFA12B-D0B0-48DD-8AAF-7E4FEBB45E5B}.Release|Any CPU.ActiveCfg = Release|Any CPU
		{B9EFA12B-D0B0-48DD-8AAF-7E4FEBB45E5B}.Release|Any CPU.Build.0 = Release|Any CPU
		{A46385AA-ABAD-47E6-8C16-E16F06F1597B}.Debug|Any CPU.ActiveCfg = Debug|Any CPU
		{A46385AA-ABAD-47E6-8C16-E16F06F1597B}.Debug|Any CPU.Build.0 = Debug|Any CPU
		{A46385AA-ABAD-47E6-8C16-E16F06F1597B}.Release|Any CPU.ActiveCfg = Release|Any CPU
		{A46385AA-ABAD-47E6-8C16-E16F06F1597B}.Release|Any CPU.Build.0 = Release|Any CPU
		{23AED79C-8AB5-4043-91B3-6091A796CAEC}.Debug|Any CPU.ActiveCfg = Debug|Any CPU
		{23AED79C-8AB5-4043-91B3-6091A796CAEC}.Debug|Any CPU.Build.0 = Debug|Any CPU
		{23AED79C-8AB5-4043-91B3-6091A796CAEC}.Release|Any CPU.ActiveCfg = Release|Any CPU
		{23AED79C-8AB5-4043-91B3-6091A796CAEC}.Release|Any CPU.Build.0 = Release|Any CPU
	EndGlobalSection
	GlobalSection(SolutionProperties) = preSolution
		HideSolutionNode = FALSE
	EndGlobalSection
	GlobalSection(ExtensibilityGlobals) = postSolution
		SolutionGuid = {7F130B21-EDEA-4CB1-A478-721E3C232A00}
	EndGlobalSection
EndGlobal
